
Microsoft Visual Studio Solution File, Format Version 12.00
# Visual Studio 15
VisualStudioVersion = 15.0.28307.779
MinimumVisualStudioVersion = 10.0.40219.1
Project("{FAE04EC0-301F-11D3-BF4B-00C04F79EFBC}") = "UserInterface", "UserInterface\UserInterface.csproj", "{9E7232EF-95E2-4F3D-870A-8E1BC50BDE95}"
EndProject
Project("{FAE04EC0-301F-11D3-BF4B-00C04F79EFBC}") = "UserFeaturesLogic", "UserFeaturesLogic\UserFeaturesLogic.csproj", "{8B124A19-45B3-48C4-93BC-725F391DA55F}"
EndProject
Project("{2150E333-8FDC-42A3-9474-1A3956D46DE8}") = "Solution Items", "Solution Items", "{13FEC471-7B18-4165-A9CC-27FF37FD28E0}"
	ProjectSection(SolutionItems) = preProject
		Facebook app - design patterns.docx = Facebook app - design patterns.docx
	EndProjectSection
EndProject
Global
	GlobalSection(SolutionConfigurationPlatforms) = preSolution
		Debug|Any CPU = Debug|Any CPU
		Release|Any CPU = Release|Any CPU
	EndGlobalSection
	GlobalSection(ProjectConfigurationPlatforms) = postSolution
		{9E7232EF-95E2-4F3D-870A-8E1BC50BDE95}.Debug|Any CPU.ActiveCfg = Debug|Any CPU
		{9E7232EF-95E2-4F3D-870A-8E1BC50BDE95}.Debug|Any CPU.Build.0 = Debug|Any CPU
		{9E7232EF-95E2-4F3D-870A-8E1BC50BDE95}.Release|Any CPU.ActiveCfg = Release|Any CPU
		{9E7232EF-95E2-4F3D-870A-8E1BC50BDE95}.Release|Any CPU.Build.0 = Release|Any CPU
		{8B124A19-45B3-48C4-93BC-725F391DA55F}.Debug|Any CPU.ActiveCfg = Debug|Any CPU
		{8B124A19-45B3-48C4-93BC-725F391DA55F}.Debug|Any CPU.Build.0 = Debug|Any CPU
		{8B124A19-45B3-48C4-93BC-725F391DA55F}.Release|Any CPU.ActiveCfg = Release|Any CPU
		{8B124A19-45B3-48C4-93BC-725F391DA55F}.Release|Any CPU.Build.0 = Release|Any CPU
	EndGlobalSection
	GlobalSection(SolutionProperties) = preSolution
		HideSolutionNode = FALSE
	EndGlobalSection
	GlobalSection(ExtensibilityGlobals) = postSolution
		SolutionGuid = {409F5B7C-0B55-47C8-9856-9070C348DE51}
	EndGlobalSection
EndGlobal
